
Microsoft Visual Studio Solution File, Format Version 12.00
# Visual Studio Version 17
VisualStudioVersion = 17.8.34316.72
MinimumVisualStudioVersion = 10.0.40219.1
Project("{FAE04EC0-301F-11D3-BF4B-00C04F79EFBC}") = "Workers", "Workers\Workers.csproj", "{8C67D9FD-FA32-4A0D-8D30-05EB7DEB70BD}"
EndProject
Global
	GlobalSection(SolutionConfigurationPlatforms) = preSolution
		Debug|Any CPU = Debug|Any CPU
		Release|Any CPU = Release|Any CPU
	EndGlobalSection
	GlobalSection(ProjectConfigurationPlatforms) = postSolution
		{8C67D9FD-FA32-4A0D-8D30-05EB7DEB70BD}.Debug|Any CPU.ActiveCfg = Debug|Any CPU
		{8C67D9FD-FA32-4A0D-8D30-05EB7DEB70BD}.Debug|Any CPU.Build.0 = Debug|Any CPU
		{8C67D9FD-FA32-4A0D-8D30-05EB7DEB70BD}.Release|Any CPU.ActiveCfg = Release|Any CPU
		{8C67D9FD-FA32-4A0D-8D30-05EB7DEB70BD}.Release|Any CPU.Build.0 = Release|Any CPU
	EndGlobalSection
	GlobalSection(SolutionProperties) = preSolution
		HideSolutionNode = FALSE
	EndGlobalSection
	GlobalSection(ExtensibilityGlobals) = postSolution
		SolutionGuid = {0C3529F1-DF28-4DCD-8C98-38039B689C61}
	EndGlobalSection
EndGlobal
